
Microsoft Visual Studio Solution File, Format Version 12.00
# Visual Studio Version 17
VisualStudioVersion = 17.5.33516.290
MinimumVisualStudioVersion = 10.0.40219.1
Project("{2150E333-8FDC-42A3-9474-1A3956D46DE8}") = "Solution Items", "Solution Items", "{4B6A6CE4-3E86-4A60-BE9B-89DF22B6D2A1}"
	ProjectSection(SolutionItems) = preProject
		..\todo.txt = ..\todo.txt
	EndProjectSection
EndProject
Project("{9A19103F-16F7-4668-BE54-9A1E7A4F7556}") = "CosmosTime", "CosmosTime\CosmosTime.csproj", "{65A52FCC-FC11-4B65-8D4E-DA48710D4F59}"
EndProject
Project("{9A19103F-16F7-4668-BE54-9A1E7A4F7556}") = "CosmosTime.UnitTests", "CosmosTime.UnitTests\CosmosTime.UnitTests.csproj", "{7441AFFF-CCF4-4696-A796-CB5E5841AC2F}"
EndProject
Project("{FAE04EC0-301F-11D3-BF4B-00C04F79EFBC}") = "test", "test\test.csproj", "{618D13AD-58A2-4EE9-A043-8B9B2DDD69CA}"
EndProject
Project("{9A19103F-16F7-4668-BE54-9A1E7A4F7556}") = "CosmosTime.Serialization.JsonNet", "CosmosTime.Serialization.JsonNet\CosmosTime.Serialization.JsonNet.csproj", "{5C21C3D9-5D77-495B-BAF2-E1DB93B38868}"
EndProject
Project("{9A19103F-16F7-4668-BE54-9A1E7A4F7556}") = "CosmosTime.Serialization.SystemTextJson", "CosmosTime.Serialization.SystemTextJson\CosmosTime.Serialization.SystemTextJson.csproj", "{52921178-5AFC-4847-8744-669E96BC8143}"
EndProject
Project("{9A19103F-16F7-4668-BE54-9A1E7A4F7556}") = "CosmosTime.Serialization.Dapper", "CosmosTime.Serialization.Dapper\CosmosTime.Serialization.Dapper.csproj", "{B6232C12-A268-4283-ABBD-CE7A145909EE}"
EndProject
Global
	GlobalSection(SolutionConfigurationPlatforms) = preSolution
		Debug|Any CPU = Debug|Any CPU
		Release|Any CPU = Release|Any CPU
	EndGlobalSection
	GlobalSection(ProjectConfigurationPlatforms) = postSolution
		{65A52FCC-FC11-4B65-8D4E-DA48710D4F59}.Debug|Any CPU.ActiveCfg = Debug|Any CPU
		{65A52FCC-FC11-4B65-8D4E-DA48710D4F59}.Debug|Any CPU.Build.0 = Debug|Any CPU
		{65A52FCC-FC11-4B65-8D4E-DA48710D4F59}.Release|Any CPU.ActiveCfg = Release|Any CPU
		{65A52FCC-FC11-4B65-8D4E-DA48710D4F59}.Release|Any CPU.Build.0 = Release|Any CPU
		{7441AFFF-CCF4-4696-A796-CB5E5841AC2F}.Debug|Any CPU.ActiveCfg = Debug|Any CPU
		{7441AFFF-CCF4-4696-A796-CB5E5841AC2F}.Debug|Any CPU.Build.0 = Debug|Any CPU
		{7441AFFF-CCF4-4696-A796-CB5E5841AC2F}.Release|Any CPU.ActiveCfg = Release|Any CPU
		{7441AFFF-CCF4-4696-A796-CB5E5841AC2F}.Release|Any CPU.Build.0 = Release|Any CPU
		{618D13AD-58A2-4EE9-A043-8B9B2DDD69CA}.Debug|Any CPU.ActiveCfg = Debug|Any CPU
		{618D13AD-58A2-4EE9-A043-8B9B2DDD69CA}.Debug|Any CPU.Build.0 = Debug|Any CPU
		{618D13AD-58A2-4EE9-A043-8B9B2DDD69CA}.Release|Any CPU.ActiveCfg = Release|Any CPU
		{618D13AD-58A2-4EE9-A043-8B9B2DDD69CA}.Release|Any CPU.Build.0 = Release|Any CPU
		{5C21C3D9-5D77-495B-BAF2-E1DB93B38868}.Debug|Any CPU.ActiveCfg = Debug|Any CPU
		{5C21C3D9-5D77-495B-BAF2-E1DB93B38868}.Debug|Any CPU.Build.0 = Debug|Any CPU
		{5C21C3D9-5D77-495B-BAF2-E1DB93B38868}.Release|Any CPU.ActiveCfg = Release|Any CPU
		{5C21C3D9-5D77-495B-BAF2-E1DB93B38868}.Release|Any CPU.Build.0 = Release|Any CPU
		{52921178-5AFC-4847-8744-669E96BC8143}.Debug|Any CPU.ActiveCfg = Debug|Any CPU
		{52921178-5AFC-4847-8744-669E96BC8143}.Debug|Any CPU.Build.0 = Debug|Any CPU
		{52921178-5AFC-4847-8744-669E96BC8143}.Release|Any CPU.ActiveCfg = Release|Any CPU
		{52921178-5AFC-4847-8744-669E96BC8143}.Release|Any CPU.Build.0 = Release|Any CPU
		{B6232C12-A268-4283-ABBD-CE7A145909EE}.Debug|Any CPU.ActiveCfg = Debug|Any CPU
		{B6232C12-A268-4283-ABBD-CE7A145909EE}.Debug|Any CPU.Build.0 = Debug|Any CPU
		{B6232C12-A268-4283-ABBD-CE7A145909EE}.Release|Any CPU.ActiveCfg = Release|Any CPU
		{B6232C12-A268-4283-ABBD-CE7A145909EE}.Release|Any CPU.Build.0 = Release|Any CPU
	EndGlobalSection
	GlobalSection(SolutionProperties) = preSolution
		HideSolutionNode = FALSE
	EndGlobalSection
	GlobalSection(ExtensibilityGlobals) = postSolution
		SolutionGuid = {88B33C1A-F35C-4791-ACD7-20BFFD383678}
	EndGlobalSection
EndGlobal
